
Microsoft Visual Studio Solution File, Format Version 12.00
# Visual Studio Version 16
VisualStudioVersion = 16.0.31613.86
MinimumVisualStudioVersion = 10.0.40219.1
Project("{FAE04EC0-301F-11D3-BF4B-00C04F79EFBC}") = "Downloader", "Downloader\Downloader.csproj", "{D2143705-0C4A-4622-94B7-69BD27958C90}"
EndProject
Global
	GlobalSection(SolutionConfigurationPlatforms) = preSolution
		Debug|Any CPU = Debug|Any CPU
		Release|Any CPU = Release|Any CPU
	EndGlobalSection
	GlobalSection(ProjectConfigurationPlatforms) = postSolution
		{D2143705-0C4A-4622-94B7-69BD27958C90}.Debug|Any CPU.ActiveCfg = Debug|Any CPU
		{D2143705-0C4A-4622-94B7-69BD27958C90}.Debug|Any CPU.Build.0 = Debug|Any CPU
		{D2143705-0C4A-4622-94B7-69BD27958C90}.Release|Any CPU.ActiveCfg = Release|Any CPU
		{D2143705-0C4A-4622-94B7-69BD27958C90}.Release|Any CPU.Build.0 = Release|Any CPU
	EndGlobalSection
	GlobalSection(SolutionProperties) = preSolution
		HideSolutionNode = FALSE
	EndGlobalSection
	GlobalSection(ExtensibilityGlobals) = postSolution
		SolutionGuid = {8EF78613-34B5-47EB-8BD0-A19F8B3493F2}
	EndGlobalSection
EndGlobal
